{
	"name": "@blotoutio/sdk-core",
	"version": "0.9.1",
	"lockfileVersion": 2,
	"requires": true,
	"packages": {
		"": {
			"name": "@blotoutio/sdk-core",
			"version": "0.9.1",
			"license": "MIT",
			"dependencies": {
				"ua-parser-js": "^0.7.23"
			},
			"engines": {
				"node": ">=12.0.0"
			}
		},
		"node_modules/ua-parser-js": {
			"version": "0.7.31",
			"resolved": "https://registry.npmjs.org/ua-parser-js/-/ua-parser-js-0.7.31.tgz",
			"integrity": "sha512-qLK/Xe9E2uzmYI3qLeOmI0tEOt+TBBQyUIAh4aAgU05FVYzeZrKUdkAZfBNVGRaHVgV0TDkdEngJSw/SyQchkQ==",
			"funding": [
				{
					"type": "opencollective",
					"url": "https://opencollective.com/ua-parser-js"
				},
				{
					"type": "paypal",
					"url": "https://paypal.me/faisalman"
				}
			],
			"engines": {
				"node": "*"
			}
		}
	},
	"dependencies": {
		"ua-parser-js": {
			"version": "0.7.31",
			"resolved": "https://registry.npmjs.org/ua-parser-js/-/ua-parser-js-0.7.31.tgz",
			"integrity": "sha512-qLK/Xe9E2uzmYI3qLeOmI0tEOt+TBBQyUIAh4aAgU05FVYzeZrKUdkAZfBNVGRaHVgV0TDkdEngJSw/SyQchkQ=="
		}
	}
}
