{
  "name": "@blotoutio/sdk-events",
  "version": "0.9.0",
  "lockfileVersion": 2,
  "requires": true,
  "packages": {
    "": {
      "name": "@blotoutio/sdk-events",
      "version": "0.9.0",
      "license": "MIT",
      "dependencies": {
        "@blotoutio/sdk-core": "^0.9.0"
      },
      "engines": {
        "node": ">=14.0.0"
      }
    },
    "node_modules/@blotoutio/sdk-core": {
      "version": "0.9.0",
      "resolved": "https://registry.npmjs.org/@blotoutio/sdk-core/-/sdk-core-0.9.0.tgz",
      "integrity": "sha512-OuSnkbnd7Ek7IoYUY7je76e580LitLpDQ/LcaWJfSJ64VcAtj6tEggMu1KAvfEkebbRGJ4tM+z3WaxuARIoKIg==",
      "dependencies": {
        "crypto-js": "^3.1.9-1",
        "ua-parser-js": "^0.7.23",
        "uuid": "^8.3.0"
      },
      "engines": {
        "node": ">=14.0.0"
      }
    },
    "node_modules/crypto-js": {
      "version": "3.3.0",
      "license": "MIT"
    },
    "node_modules/ua-parser-js": {
      "version": "0.7.28",
      "funding": [
        {
          "type": "opencollective",
          "url": "https://opencollective.com/ua-parser-js"
        },
        {
          "type": "paypal",
          "url": "https://paypal.me/faisalman"
        }
      ],
      "license": "MIT",
      "engines": {
        "node": "*"
      }
    },
    "node_modules/uuid": {
      "version": "8.3.2",
      "license": "MIT",
      "bin": {
        "uuid": "dist/bin/uuid"
      }
    }
  },
  "dependencies": {
    "@blotoutio/sdk-core": {
      "version": "0.9.0",
      "resolved": "https://registry.npmjs.org/@blotoutio/sdk-core/-/sdk-core-0.9.0.tgz",
      "integrity": "sha512-OuSnkbnd7Ek7IoYUY7je76e580LitLpDQ/LcaWJfSJ64VcAtj6tEggMu1KAvfEkebbRGJ4tM+z3WaxuARIoKIg==",
      "requires": {
        "crypto-js": "^3.1.9-1",
        "ua-parser-js": "^0.7.23",
        "uuid": "^8.3.0"
      }
    },
    "crypto-js": {
      "version": "3.3.0"
    },
    "ua-parser-js": {
      "version": "0.7.28"
    },
    "uuid": {
      "version": "8.3.2"
    }
  }
}
