{
  "name": "@blotoutio/sdk-browser",
  "version": "0.9.0",
  "lockfileVersion": 2,
  "requires": true,
  "packages": {
    "": {
      "name": "@blotoutio/sdk-browser",
      "version": "0.9.0",
      "license": "MIT",
      "devDependencies": {
        "@blotoutio/sdk-core": "^0.9.0",
        "@blotoutio/sdk-events": "^0.9.0",
        "@blotoutio/sdk-personal": "^0.9.0"
      },
      "engines": {
        "node": ">=12.0.0"
      }
    },
    "node_modules/@blotoutio/jsencrypt-no-random-padding": {
      "version": "2.3.6",
      "resolved": "https://registry.npmjs.org/@blotoutio/jsencrypt-no-random-padding/-/jsencrypt-no-random-padding-2.3.6.tgz",
      "integrity": "sha512-5unZ8VLgx9+Mqzut4KZw2MGPedxrnctE0T9iwlV5ybeiIQp3lTtHKa4ThqIMmlDaz0HPanO7zwWUn8c1fzo/dw==",
      "dev": true
    },
    "node_modules/@blotoutio/sdk-core": {
      "version": "0.9.0",
      "resolved": "https://registry.npmjs.org/@blotoutio/sdk-core/-/sdk-core-0.9.0.tgz",
      "integrity": "sha512-OuSnkbnd7Ek7IoYUY7je76e580LitLpDQ/LcaWJfSJ64VcAtj6tEggMu1KAvfEkebbRGJ4tM+z3WaxuARIoKIg==",
      "dev": true,
      "dependencies": {
        "crypto-js": "^3.1.9-1",
        "ua-parser-js": "^0.7.23",
        "uuid": "^8.3.0"
      },
      "engines": {
        "node": ">=12.0.0"
      }
    },
    "node_modules/@blotoutio/sdk-core/node_modules/uuid": {
      "version": "8.3.2",
      "resolved": "https://registry.npmjs.org/uuid/-/uuid-8.3.2.tgz",
      "integrity": "sha512-+NYs2QeMWy+GWFOEm9xnn6HCDp0l7QBD7ml8zLUmJ+93Q5NF0NocErnwkTkXVFNiX3/fpC6afS8Dhb/gz7R7eg==",
      "dev": true,
      "bin": {
        "uuid": "dist/bin/uuid"
      }
    },
    "node_modules/@blotoutio/sdk-events": {
      "version": "0.9.0",
      "resolved": "https://registry.npmjs.org/@blotoutio/sdk-events/-/sdk-events-0.9.0.tgz",
      "integrity": "sha512-WOwZva/0OS6xUlwJKFhu/Le4n//BUBqvKCWjIS6qqtb3atMw7z2KDAV99HF8J/znnK14w783u1ms0Efyi99Jcg==",
      "dev": true,
      "dependencies": {
        "@blotoutio/sdk-core": "^0.9.0"
      },
      "engines": {
        "node": ">=12.0.0"
      }
    },
    "node_modules/@blotoutio/sdk-personal": {
      "version": "0.9.0",
      "resolved": "https://registry.npmjs.org/@blotoutio/sdk-personal/-/sdk-personal-0.9.0.tgz",
      "integrity": "sha512-AyFnrT9jyTZZ42BNN98xzzgbnyTKCconGOBu/xJJ/pKHVSVoSceKbdSthtYY58fKb+OWE7FgX2edKDPkvuaDyA==",
      "dev": true,
      "dependencies": {
        "@blotoutio/jsencrypt-no-random-padding": "^2.3.6",
        "@blotoutio/sdk-core": "^0.9.0",
        "crypto-js": "^3.1.9-1",
        "uuid": "^8.3.2"
      },
      "engines": {
        "node": ">=12.0.0"
      }
    },
    "node_modules/@blotoutio/sdk-personal/node_modules/uuid": {
      "version": "8.3.2",
      "resolved": "https://registry.npmjs.org/uuid/-/uuid-8.3.2.tgz",
      "integrity": "sha512-+NYs2QeMWy+GWFOEm9xnn6HCDp0l7QBD7ml8zLUmJ+93Q5NF0NocErnwkTkXVFNiX3/fpC6afS8Dhb/gz7R7eg==",
      "dev": true,
      "bin": {
        "uuid": "dist/bin/uuid"
      }
    },
    "node_modules/crypto-js": {
      "version": "3.3.0",
      "resolved": "https://registry.npmjs.org/crypto-js/-/crypto-js-3.3.0.tgz",
      "integrity": "sha512-DIT51nX0dCfKltpRiXV+/TVZq+Qq2NgF4644+K7Ttnla7zEzqc+kjJyiB96BHNyUTBxyjzRcZYpUdZa+QAqi6Q==",
      "dev": true
    },
    "node_modules/ua-parser-js": {
      "version": "0.7.27",
      "resolved": "https://registry.npmjs.org/ua-parser-js/-/ua-parser-js-0.7.27.tgz",
      "integrity": "sha512-eXMaRYK2skomGocoX0x9sBXzx5A1ZVQgXfrW4mTc8dT0zS7olEcyfudAzRC5tIIRgLxQ69B6jut3DI+n5hslPA==",
      "dev": true,
      "funding": [
        {
          "type": "opencollective",
          "url": "https://opencollective.com/ua-parser-js"
        },
        {
          "type": "paypal",
          "url": "https://paypal.me/faisalman"
        }
      ],
      "engines": {
        "node": "*"
      }
    }
  },
  "dependencies": {
    "@blotoutio/jsencrypt-no-random-padding": {
      "version": "2.3.6",
      "resolved": "https://registry.npmjs.org/@blotoutio/jsencrypt-no-random-padding/-/jsencrypt-no-random-padding-2.3.6.tgz",
      "integrity": "sha512-5unZ8VLgx9+Mqzut4KZw2MGPedxrnctE0T9iwlV5ybeiIQp3lTtHKa4ThqIMmlDaz0HPanO7zwWUn8c1fzo/dw==",
      "dev": true
    },
    "@blotoutio/sdk-core": {
      "version": "0.9.0",
      "resolved": "https://registry.npmjs.org/@blotoutio/sdk-core/-/sdk-core-0.9.0.tgz",
      "integrity": "sha512-OuSnkbnd7Ek7IoYUY7je76e580LitLpDQ/LcaWJfSJ64VcAtj6tEggMu1KAvfEkebbRGJ4tM+z3WaxuARIoKIg==",
      "dev": true,
      "requires": {
        "crypto-js": "^3.1.9-1",
        "ua-parser-js": "^0.7.23",
        "uuid": "^8.3.0"
      },
      "dependencies": {
        "uuid": {
          "version": "8.3.2",
          "resolved": "https://registry.npmjs.org/uuid/-/uuid-8.3.2.tgz",
          "integrity": "sha512-+NYs2QeMWy+GWFOEm9xnn6HCDp0l7QBD7ml8zLUmJ+93Q5NF0NocErnwkTkXVFNiX3/fpC6afS8Dhb/gz7R7eg==",
          "dev": true
        }
      }
    },
    "@blotoutio/sdk-events": {
      "version": "0.9.0",
      "resolved": "https://registry.npmjs.org/@blotoutio/sdk-events/-/sdk-events-0.9.0.tgz",
      "integrity": "sha512-WOwZva/0OS6xUlwJKFhu/Le4n//BUBqvKCWjIS6qqtb3atMw7z2KDAV99HF8J/znnK14w783u1ms0Efyi99Jcg==",
      "dev": true,
      "requires": {
        "@blotoutio/sdk-core": "^0.9.0"
      }
    },
    "@blotoutio/sdk-personal": {
      "version": "0.9.0",
      "resolved": "https://registry.npmjs.org/@blotoutio/sdk-personal/-/sdk-personal-0.9.0.tgz",
      "integrity": "sha512-AyFnrT9jyTZZ42BNN98xzzgbnyTKCconGOBu/xJJ/pKHVSVoSceKbdSthtYY58fKb+OWE7FgX2edKDPkvuaDyA==",
      "dev": true,
      "requires": {
        "@blotoutio/jsencrypt-no-random-padding": "^2.3.6",
        "@blotoutio/sdk-core": "^0.9.0",
        "crypto-js": "^3.1.9-1",
        "uuid": "^8.3.2"
      },
      "dependencies": {
        "uuid": {
          "version": "8.3.2",
          "resolved": "https://registry.npmjs.org/uuid/-/uuid-8.3.2.tgz",
          "integrity": "sha512-+NYs2QeMWy+GWFOEm9xnn6HCDp0l7QBD7ml8zLUmJ+93Q5NF0NocErnwkTkXVFNiX3/fpC6afS8Dhb/gz7R7eg==",
          "dev": true
        }
      }
    },
    "crypto-js": {
      "version": "3.3.0",
      "resolved": "https://registry.npmjs.org/crypto-js/-/crypto-js-3.3.0.tgz",
      "integrity": "sha512-DIT51nX0dCfKltpRiXV+/TVZq+Qq2NgF4644+K7Ttnla7zEzqc+kjJyiB96BHNyUTBxyjzRcZYpUdZa+QAqi6Q==",
      "dev": true
    },
    "ua-parser-js": {
      "version": "0.7.27",
      "resolved": "https://registry.npmjs.org/ua-parser-js/-/ua-parser-js-0.7.27.tgz",
      "integrity": "sha512-eXMaRYK2skomGocoX0x9sBXzx5A1ZVQgXfrW4mTc8dT0zS7olEcyfudAzRC5tIIRgLxQ69B6jut3DI+n5hslPA==",
      "dev": true
    }
  }
}
